// !$*UTF8*$!
{
	archiveVersion = 1;
	classes = {
	};
	objectVersion = 46;
	objects = {

/* Begin PBXBuildFile section */
		3FADBA181C46B8E30092D532 /* AppDelegate.swift in Sources */ = {isa = PBXBuildFile; fileRef = 3FADBA171C46B8E30092D532 /* AppDelegate.swift */; };
		3FADBA1A1C46B8E30092D532 /* ViewController.swift in Sources */ = {isa = PBXBuildFile; fileRef = 3FADBA191C46B8E30092D532 /* ViewController.swift */; };
		3FADBA1D1C46B8E30092D532 /* Main.storyboard in Resources */ = {isa = PBXBuildFile; fileRef = 3FADBA1B1C46B8E30092D532 /* Main.storyboard */; };
		3FADBA1F1C46B8E30092D532 /* Assets.xcassets in Resources */ = {isa = PBXBuildFile; fileRef = 3FADBA1E1C46B8E30092D532 /* Assets.xcassets */; };
		3FADBA221C46B8E30092D532 /* LaunchScreen.storyboard in Resources */ = {isa = PBXBuildFile; fileRef = 3FADBA201C46B8E30092D532 /* LaunchScreen.storyboard */; };
		3FADBA2D1C46B8E30092D532 /* Table_View_PracticeTests.swift in Sources */ = {isa = PBXBuildFile; fileRef = 3FADBA2C1C46B8E30092D532 /* Table_View_PracticeTests.swift */; };
		3FADBA381C46B8E30092D532 /* Table_View_PracticeUITests.swift in Sources */ = {isa = PBXBuildFile; fileRef = 3FADBA371C46B8E30092D532 /* Table_View_PracticeUITests.swift */; };
/* End PBXBuildFile section */

/* Begin PBXContainerItemProxy section */
		3FADBA291C46B8E30092D532 /* PBXContainerItemProxy */ = {
			isa = PBXContainerItemProxy;
			containerPortal = 3FADBA0C1C46B8E30092D532 /* Project object */;
			proxyType = 1;
			remoteGlobalIDString = 3FADBA131C46B8E30092D532;
			remoteInfo = "Table View Practice";
		};
		3FADBA341C46B8E30092D532 /* PBXContainerItemProxy */ = {
			isa = PBXContainerItemProxy;
			containerPortal = 3FADBA0C1C46B8E30092D532 /* Project object */;
			proxyType = 1;
			remoteGlobalIDString = 3FADBA131C46B8E30092D532;
			remoteInfo = "Table View Practice";
		};
/* End PBXContainerItemProxy section */

/* Begin PBXFileReference section */
		3FADBA141C46B8E30092D532 /* Table View Practice.app */ = {isa = PBXFileReference; explicitFileType = wrapper.application; includeInIndex = 0; path = "Table View Practice.app"; sourceTree = BUILT_PRODUCTS_DIR; };
		3FADBA171C46B8E30092D532 /* AppDelegate.swift */ = {isa = PBXFileReference; lastKnownFileType = sourcecode.swift; path = AppDelegate.swift; sourceTree = "<group>"; };
		3FADBA191C46B8E30092D532 /* ViewController.swift */ = {isa = PBXFileReference; lastKnownFileType = sourcecode.swift; path = ViewController.swift; sourceTree = "<group>"; };
		3FADBA1C1C46B8E30092D532 /* Base */ = {isa = PBXFileReference; lastKnownFileType = file.storyboard; name = Base; path = Base.lproj/Main.storyboard; sourceTree = "<group>"; };
		3FADBA1E1C46B8E30092D532 /* Assets.xcassets */ = {isa = PBXFileReference; lastKnownFileType = folder.assetcatalog; path = Assets.xcassets; sourceTree = "<group>"; };
		3FADBA211C46B8E30092D532 /* Base */ = {isa = PBXFileReference; lastKnownFileType = file.storyboard; name = Base; path = Base.lproj/LaunchScreen.storyboard; sourceTree = "<group>"; };
		3FADBA231C46B8E30092D532 /* Info.plist */ = {isa = PBXFileReference; lastKnownFileType = text.plist.xml; path = Info.plist; sourceTree = "<group>"; };
		3FADBA281C46B8E30092D532 /* Table View PracticeTests.xctest */ = {isa = PBXFileReference; explicitFileType = wrapper.cfbundle; includeInIndex = 0; path = "Table View PracticeTests.xctest"; sourceTree = BUILT_PRODUCTS_DIR; };
		3FADBA2C1C46B8E30092D532 /* Table_View_PracticeTests.swift */ = {isa = PBXFileReference; lastKnownFileType = sourcecode.swift; path = Table_View_PracticeTests.swift; sourceTree = "<group>"; };
		3FADBA2E1C46B8E30092D532 /* Info.plist */ = {isa = PBXFileReference; lastKnownFileType = text.plist.xml; path = Info.plist; sourceTree = "<group>"; };
		3FADBA331C46B8E30092D532 /* Table View PracticeUITests.xctest */ = {isa = PBXFileReference; explicitFileType = wrapper.cfbundle; includeInIndex = 0; path = "Table View PracticeUITests.xctest"; sourceTree = BUILT_PRODUCTS_DIR; };
		3FADBA371C46B8E30092D532 /* Table_View_PracticeUITests.swift */ = {isa = PBXFileReference; lastKnownFileType = sourcecode.swift; path = Table_View_PracticeUITests.swift; sourceTree = "<group>"; };
		3FADBA391C46B8E30092D532 /* Info.plist */ = {isa = PBXFileReference; lastKnownFileType = text.plist.xml; path = Info.plist; sourceTree = "<group>"; };
/* End PBXFileReference section */

/* Begin PBXFrameworksBuildPhase section */
		3FADBA111C46B8E30092D532 /* Frameworks */ = {
			isa = PBXFrameworksBuildPhase;
			buildActionMask = 2147483647;
			files = (
			);
			runOnlyForDeploymentPostprocessing = 0;
		};
		3FADBA251C46B8E30092D532 /* Frameworks */ = {
			isa = PBXFrameworksBuildPhase;
			buildActionMask = 2147483647;
			files = (
			);
			runOnlyForDeploymentPostprocessing = 0;
		};
		3FADBA301C46B8E30092D532 /* Frameworks */ = {
			isa = PBXFrameworksBuildPhase;
			buildActionMask = 2147483647;
			files = (
			);
			runOnlyForDeploymentPostprocessing = 0;
		};
/* End PBXFrameworksBuildPhase section */

/* Begin PBXGroup section */
		3FADBA0B1C46B8E30092D532 = {
			isa = PBXGroup;
			children = (
				3FADBA161C46B8E30092D532 /* Table View Practice */,
				3FADBA2B1C46B8E30092D532 /* Table View PracticeTests */,
				3FADBA361C46B8E30092D532 /* Table View PracticeUITests */,
				3FADBA151C46B8E30092D532 /* Products */,
			);
			sourceTree = "<group>";
		};
		3FADBA151C46B8E30092D532 /* Products */ = {
			isa = PBXGroup;
			children = (
				3FADBA141C46B8E30092D532 /* Table View Practice.app */,
				3FADBA281C46B8E30092D532 /* Table View PracticeTests.xctest */,
				3FADBA331C46B8E30092D532 /* Table View PracticeUITests.xctest */,
			);
			name = Products;
			sourceTree = "<group>";
		};
		3FADBA161C46B8E30092D532 /* Table View Practice */ = {
			isa = PBXGroup;
			children = (
				3FADBA171C46B8E30092D532 /* AppDelegate.swift */,
				3FADBA191C46B8E30092D532 /* ViewController.swift */,
				3FADBA1B1C46B8E30092D532 /* Main.storyboard */,
				3FADBA1E1C46B8E30092D532 /* Assets.xcassets */,
				3FADBA201C46B8E30092D532 /* LaunchScreen.storyboard */,
				3FADBA231C46B8E30092D532 /* Info.plist */,
			);
			path = "Table View Practice";
			sourceTree = "<group>";
		};
		3FADBA2B1C46B8E30092D532 /* Table View PracticeTests */ = {
			isa = PBXGroup;
			children = (
				3FADBA2C1C46B8E30092D532 /* Table_View_PracticeTests.swift */,
				3FADBA2E1C46B8E30092D532 /* Info.plist */,
			);
			path = "Table View PracticeTests";
			sourceTree = "<group>";
		};
		3FADBA361C46B8E30092D532 /* Table View PracticeUITests */ = {
			isa = PBXGroup;
			children = (
				3FADBA371C46B8E30092D532 /* Table_View_PracticeUITests.swift */,
				3FADBA391C46B8E30092D532 /* Info.plist */,
			);
			path = "Table View PracticeUITests";
			sourceTree = "<group>";
		};
/* End PBXGroup section */

/* Begin PBXNativeTarget section */
		3FADBA131C46B8E30092D532 /* Table View Practice */ = {
			isa = PBXNativeTarget;
			buildConfigurationList = 3FADBA3C1C46B8E30092D532 /* Build configuration list for PBXNativeTarget "Table View Practice" */;
			buildPhases = (
				3FADBA101C46B8E30092D532 /* Sources */,
				3FADBA111C46B8E30092D532 /* Frameworks */,
				3FADBA121C46B8E30092D532 /* Resources */,
			);
			buildRules = (
			);
			dependencies = (
			);
			name = "Table View Practice";
			productName = "Table View Practice";
			productReference = 3FADBA141C46B8E30092D532 /* Table View Practice.app */;
			productType = "com.apple.product-type.application";
		};
		3FADBA271C46B8E30092D532 /* Table View PracticeTests */ = {
			isa = PBXNativeTarget;
			buildConfigurationList = 3FADBA3F1C46B8E30092D532 /* Build configuration list for PBXNativeTarget "Table View PracticeTests" */;
			buildPhases = (
				3FADBA241C46B8E30092D532 /* Sources */,
				3FADBA251C46B8E30092D532 /* Frameworks */,
				3FADBA261C46B8E30092D532 /* Resources */,
			);
			buildRules = (
			);
			dependencies = (
				3FADBA2A1C46B8E30092D532 /* PBXTargetDependency */,
			);
			name = "Table View PracticeTests";
			productName = "Table View PracticeTests";
			productReference = 3FADBA281C46B8E30092D532 /* Table View PracticeTests.xctest */;
			productType = "com.apple.product-type.bundle.unit-test";
		};
		3FADBA321C46B8E30092D532 /* Table View PracticeUITests */ = {
			isa = PBXNativeTarget;
			buildConfigurationList = 3FADBA421C46B8E30092D532 /* Build configuration list for PBXNativeTarget "Table View PracticeUITests" */;
			buildPhases = (
				3FADBA2F1C46B8E30092D532 /* Sources */,
				3FADBA301C46B8E30092D532 /* Frameworks */,
				3FADBA311C46B8E30092D532 /* Resources */,
			);
			buildRules = (
			);
			dependencies = (
				3FADBA351C46B8E30092D532 /* PBXTargetDependency */,
			);
			name = "Table View PracticeUITests";
			productName = "Table View PracticeUITests";
			productReference = 3FADBA331C46B8E30092D532 /* Table View PracticeUITests.xctest */;
			productType = "com.apple.product-type.bundle.ui-testing";
		};
/* End PBXNativeTarget section */

/* Begin PBXProject section */
		3FADBA0C1C46B8E30092D532 /* Project object */ = {
			isa = PBXProject;
			attributes = {
				LastSwiftUpdateCheck = 0720;
				LastUpgradeCheck = 0720;
				ORGANIZATIONNAME = maxkiley;
				TargetAttributes = {
					3FADBA131C46B8E30092D532 = {
						CreatedOnToolsVersion = 7.2;
					};
					3FADBA271C46B8E30092D532 = {
						CreatedOnToolsVersion = 7.2;
						TestTargetID = 3FADBA131C46B8E30092D532;
					};
					3FADBA321C46B8E30092D532 = {
						CreatedOnToolsVersion = 7.2;
						TestTargetID = 3FADBA131C46B8E30092D532;
					};
				};
			};
			buildConfigurationList = 3FADBA0F1C46B8E30092D532 /* Build configuration list for PBXProject "Table View Practice" */;
			compatibilityVersion = "Xcode 3.2";
			developmentRegion = English;
			hasScannedForEncodings = 0;
			knownRegions = (
				en,
				Base,
			);
			mainGroup = 3FADBA0B1C46B8E30092D532;
			productRefGroup = 3FADBA151C46B8E30092D532 /* Products */;
			projectDirPath = "";
			projectRoot = "";
			targets = (
				3FADBA131C46B8E30092D532 /* Table View Practice */,
				3FADBA271C46B8E30092D532 /* Table View PracticeTests */,
				3FADBA321C46B8E30092D532 /* Table View PracticeUITests */,
			);
		};
/* End PBXProject section */

/* Begin PBXResourcesBuildPhase section */
		3FADBA121C46B8E30092D532 /* Resources */ = {
			isa = PBXResourcesBuildPhase;
			buildActionMask = 2147483647;
			files = (
				3FADBA221C46B8E30092D532 /* LaunchScreen.storyboard in Resources */,
				3FADBA1F1C46B8E30092D532 /* Assets.xcassets in Resources */,
				3FADBA1D1C46B8E30092D532 /* Main.storyboard in Resources */,
			);
			runOnlyForDeploymentPostprocessing = 0;
		};
		3FADBA261C46B8E30092D532 /* Resources */ = {
			isa = PBXResourcesBuildPhase;
			buildActionMask = 2147483647;
			files = (
			);
			runOnlyForDeploymentPostprocessing = 0;
		};
		3FADBA311C46B8E30092D532 /* Resources */ = {
			isa = PBXResourcesBuildPhase;
			buildActionMask = 2147483647;
			files = (
			);
			runOnlyForDeploymentPostprocessing = 0;
		};
/* End PBXResourcesBuildPhase section */

/* Begin PBXSourcesBuildPhase section */
		3FADBA101C46B8E30092D532 /* Sources */ = {
			isa = PBXSourcesBuildPhase;
			buildActionMask = 2147483647;
			files = (
				3FADBA1A1C46B8E30092D532 /* ViewController.swift in Sources */,
				3FADBA181C46B8E30092D532 /* AppDelegate.swift in Sources */,
			);
			runOnlyForDeploymentPostprocessing = 0;
		};
		3FADBA241C46B8E30092D532 /* Sources */ = {
			isa = PBXSourcesBuildPhase;
			buildActionMask = 2147483647;
			files = (
				3FADBA2D1C46B8E30092D532 /* Table_View_PracticeTests.swift in Sources */,
			);
			runOnlyForDeploymentPostprocessing = 0;
		};
		3FADBA2F1C46B8E30092D532 /* Sources */ = {
			isa = PBXSourcesBuildPhase;
			buildActionMask = 2147483647;
			files = (
				3FADBA381C46B8E30092D532 /* Table_View_PracticeUITests.swift in Sources */,
			);
			runOnlyForDeploymentPostprocessing = 0;
		};
/* End PBXSourcesBuildPhase section */

/* Begin PBXTargetDependency section */
		3FADBA2A1C46B8E30092D532 /* PBXTargetDependency */ = {
			isa = PBXTargetDependency;
			target = 3FADBA131C46B8E30092D532 /* Table View Practice */;
			targetProxy = 3FADBA291C46B8E30092D532 /* PBXContainerItemProxy */;
		};
		3FADBA351C46B8E30092D532 /* PBXTargetDependency */ = {
			isa = PBXTargetDependency;
			target = 3FADBA131C46B8E30092D532 /* Table View Practice */;
			targetProxy = 3FADBA341C46B8E30092D532 /* PBXContainerItemProxy */;
		};
/* End PBXTargetDependency section */

/* Begin PBXVariantGroup section */
		3FADBA1B1C46B8E30092D532 /* Main.storyboard */ = {
			isa = PBXVariantGroup;
			children = (
				3FADBA1C1C46B8E30092D532 /* Base */,
			);
			name = Main.storyboard;
			sourceTree = "<group>";
		};
		3FADBA201C46B8E30092D532 /* LaunchScreen.storyboard */ = {
			isa = PBXVariantGroup;
			children = (
				3FADBA211C46B8E30092D532 /* Base */,
			);
			name = LaunchScreen.storyboard;
			sourceTree = "<group>";
		};
/* End PBXVariantGroup section */

/* Begin XCBuildConfiguration section */
		3FADBA3A1C46B8E30092D532 /* Debug */ = {
			isa = XCBuildConfiguration;
			buildSettings = {
				ALWAYS_SEARCH_USER_PATHS = NO;
				CLANG_CXX_LANGUAGE_STANDARD = "gnu++0x";
				CLANG_CXX_LIBRARY = "libc++";
				CLANG_ENABLE_MODULES = YES;
				CLANG_ENABLE_OBJC_ARC = YES;
				CLANG_WARN_BOOL_CONVERSION = YES;
				CLANG_WARN_CONSTANT_CONVERSION = YES;
				CLANG_WARN_DIRECT_OBJC_ISA_USAGE = YES_ERROR;
				CLANG_WARN_EMPTY_BODY = YES;
				CLANG_WARN_ENUM_CONVERSION = YES;
				CLANG_WARN_INT_CONVERSION = YES;
				CLANG_WARN_OBJC_ROOT_CLASS = YES_ERROR;
				CLANG_WARN_UNREACHABLE_CODE = YES;
				CLANG_WARN__DUPLICATE_METHOD_MATCH = YES;
				"CODE_SIGN_IDENTITY[sdk=iphoneos*]" = "iPhone Developer";
				COPY_PHASE_STRIP = NO;
				DEBUG_INFORMATION_FORMAT = dwarf;
				ENABLE_STRICT_OBJC_MSGSEND = YES;
				ENABLE_TESTABILITY = YES;
				GCC_C_LANGUAGE_STANDARD = gnu99;
				GCC_DYNAMIC_NO_PIC = NO;
				GCC_NO_COMMON_BLOCKS = YES;
				GCC_OPTIMIZATION_LEVEL = 0;
				GCC_PREPROCESSOR_DEFINITIONS = (
					"DEBUG=1",
					"$(inherited)",
				);
				GCC_WARN_64_TO_32_BIT_CONVERSION = YES;
				GCC_WARN_ABOUT_RETURN_TYPE = YES_ERROR;
				GCC_WARN_UNDECLARED_SELECTOR = YES;
				GCC_WARN_UNINITIALIZED_AUTOS = YES_AGGRESSIVE;
				GCC_WARN_UNUSED_FUNCTION = YES;
				GCC_WARN_UNUSED_VARIABLE = YES;
				IPHONEOS_DEPLOYMENT_TARGET = 9.2;
				MTL_ENABLE_DEBUG_INFO = YES;
				ONLY_ACTIVE_ARCH = YES;
				SDKROOT = iphoneos;
				SWIFT_OPTIMIZATION_LEVEL = "-Onone";
				TARGETED_DEVICE_FAMILY = "1,2";
			};
			name = Debug;
		};
		3FADBA3B1C46B8E30092D532 /* Release */ = {
			isa = XCBuildConfiguration;
			buildSettings = {
				ALWAYS_SEARCH_USER_PATHS = NO;
				CLANG_CXX_LANGUAGE_STANDARD = "gnu++0x";
				CLANG_CXX_LIBRARY = "libc++";
				CLANG_ENABLE_MODULES = YES;
				CLANG_ENABLE_OBJC_ARC = YES;
				CLANG_WARN_BOOL_CONVERSION = YES;
				CLANG_WARN_CONSTANT_CONVERSION = YES;
				CLANG_WARN_DIRECT_OBJC_ISA_USAGE = YES_ERROR;
				CLANG_WARN_EMPTY_BODY = YES;
				CLANG_WARN_ENUM_CONVERSION = YES;
				CLANG_WARN_INT_CONVERSION = YES;
				CLANG_WARN_OBJC_ROOT_CLASS = YES_ERROR;
				CLANG_WARN_UNREACHABLE_CODE = YES;
				CLANG_WARN__DUPLICATE_METHOD_MATCH = YES;
				"CODE_SIGN_IDENTITY[sdk=iphoneos*]" = "iPhone Developer";
				COPY_PHASE_STRIP = NO;
				DEBUG_INFORMATION_FORMAT = "dwarf-with-dsym";
				ENABLE_NS_ASSERTIONS = NO;
				ENABLE_STRICT_OBJC_MSGSEND = YES;
				GCC_C_LANGUAGE_STANDARD = gnu99;
				GCC_NO_COMMON_BLOCKS = YES;
				GCC_WARN_64_TO_32_BIT_CONVERSION = YES;
				GCC_WARN_ABOUT_RETURN_TYPE = YES_ERROR;
				GCC_WARN_UNDECLARED_SELECTOR = YES;
				GCC_WARN_UNINITIALIZED_AUTOS = YES_AGGRESSIVE;
				GCC_WARN_UNUSED_FUNCTION = YES;
				GCC_WARN_UNUSED_VARIABLE = YES;
				IPHONEOS_DEPLOYMENT_TARGET = 9.2;
				MTL_ENABLE_DEBUG_INFO = NO;
				SDKROOT = iphoneos;
				TARGETED_DEVICE_FAMILY = "1,2";
				VALIDATE_PRODUCT = YES;
			};
			name = Release;
		};
		3FADBA3D1C46B8E30092D532 /* Debug */ = {
			isa = XCBuildConfiguration;
			buildSettings = {
				ASSETCATALOG_COMPILER_APPICON_NAME = AppIcon;
				INFOPLIST_FILE = "Table View Practice/Info.plist";
				LD_RUNPATH_SEARCH_PATHS = "$(inherited) @executable_path/Frameworks";
				PRODUCT_BUNDLE_IDENTIFIER = "maxkiley.Table-View-Practice";
				PRODUCT_NAME = "$(TARGET_NAME)";
			};
			name = Debug;
		};
		3FADBA3E1C46B8E30092D532 /* Release */ = {
			isa = XCBuildConfiguration;
			buildSettings = {
				ASSETCATALOG_COMPILER_APPICON_NAME = AppIcon;
				INFOPLIST_FILE = "Table View Practice/Info.plist";
				LD_RUNPATH_SEARCH_PATHS = "$(inherited) @executable_path/Frameworks";
				PRODUCT_BUNDLE_IDENTIFIER = "maxkiley.Table-View-Practice";
				PRODUCT_NAME = "$(TARGET_NAME)";
			};
			name = Release;
		};
		3FADBA401C46B8E30092D532 /* Debug */ = {
			isa = XCBuildConfiguration;
			buildSettings = {
				BUNDLE_LOADER = "$(TEST_HOST)";
				INFOPLIST_FILE = "Table View PracticeTests/Info.plist";
				LD_RUNPATH_SEARCH_PATHS = "$(inherited) @executable_path/Frameworks @loader_path/Frameworks";
				PRODUCT_BUNDLE_IDENTIFIER = "maxkiley.Table-View-PracticeTests";
				PRODUCT_NAME = "$(TARGET_NAME)";
				TEST_HOST = "$(BUILT_PRODUCTS_DIR)/Table View Practice.app/Table View Practice";
			};
			name = Debug;
		};
		3FADBA411C46B8E30092D532 /* Release */ = {
			isa = XCBuildConfiguration;
			buildSettings = {
				BUNDLE_LOADER = "$(TEST_HOST)";
				INFOPLIST_FILE = "Table View PracticeTests/Info.plist";
				LD_RUNPATH_SEARCH_PATHS = "$(inherited) @executable_path/Frameworks @loader_path/Frameworks";
				PRODUCT_BUNDLE_IDENTIFIER = "maxkiley.Table-View-PracticeTests";
				PRODUCT_NAME = "$(TARGET_NAME)";
				TEST_HOST = "$(BUILT_PRODUCTS_DIR)/Table View Practice.app/Table View Practice";
			};
			name = Release;
		};
		3FADBA431C46B8E30092D532 /* Debug */ = {
			isa = XCBuildConfiguration;
			buildSettings = {
				INFOPLIST_FILE = "Table View PracticeUITests/Info.plist";
				LD_RUNPATH_SEARCH_PATHS = "$(inherited) @executable_path/Frameworks @loader_path/Frameworks";
				PRODUCT_BUNDLE_IDENTIFIER = "maxkiley.Table-View-PracticeUITests";
				PRODUCT_NAME = "$(TARGET_NAME)";
				TEST_TARGET_NAME = "Table View Practice";
				USES_XCTRUNNER = YES;
			};
			name = Debug;
		};
		3FADBA441C46B8E30092D532 /* Release */ = {
			isa = XCBuildConfiguration;
			buildSettings = {
				INFOPLIST_FILE = "Table View PracticeUITests/Info.plist";
				LD_RUNPATH_SEARCH_PATHS = "$(inherited) @executable_path/Frameworks @loader_path/Frameworks";
				PRODUCT_BUNDLE_IDENTIFIER = "maxkiley.Table-View-PracticeUITests";
				PRODUCT_NAME = "$(TARGET_NAME)";
				TEST_TARGET_NAME = "Table View Practice";
				USES_XCTRUNNER = YES;
			};
			name = Release;
		};
/* End XCBuildConfiguration section */

/* Begin XCConfigurationList section */
		3FADBA0F1C46B8E30092D532 /* Build configuration list for PBXProject "Table View Practice" */ = {
			isa = XCConfigurationList;
			buildConfigurations = (
				3FADBA3A1C46B8E30092D532 /* Debug */,
				3FADBA3B1C46B8E30092D532 /* Release */,
			);
			defaultConfigurationIsVisible = 0;
			defaultConfigurationName = Release;
		};
		3FADBA3C1C46B8E30092D532 /* Build configuration list for PBXNativeTarget "Table View Practice" */ = {
			isa = XCConfigurationList;
			buildConfigurations = (
				3FADBA3D1C46B8E30092D532 /* Debug */,
				3FADBA3E1C46B8E30092D532 /* Release */,
			);
			defaultConfigurationIsVisible = 0;
		};
		3FADBA3F1C46B8E30092D532 /* Build configuration list for PBXNativeTarget "Table View PracticeTests" */ = {
			isa = XCConfigurationList;
			buildConfigurations = (
				3FADBA401C46B8E30092D532 /* Debug */,
				3FADBA411C46B8E30092D532 /* Release */,
			);
			defaultConfigurationIsVisible = 0;
		};
		3FADBA421C46B8E30092D532 /* Build configuration list for PBXNativeTarget "Table View PracticeUITests" */ = {
			isa = XCConfigurationList;
			buildConfigurations = (
				3FADBA431C46B8E30092D532 /* Debug */,
				3FADBA441C46B8E30092D532 /* Release */,
			);
			defaultConfigurationIsVisible = 0;
		};
/* End XCConfigurationList section */
	};
	rootObject = 3FADBA0C1C46B8E30092D532 /* Project object */;
}
